// !$*UTF8*$!
{
	archiveVersion = 1;
	classes = {
	};
	objectVersion = 52;
	objects = {

/* Begin PBXBuildFile section */
		C39A63DA6A28367464604B70 /* Pods_Flix.framework in Frameworks */ = {isa = PBXBuildFile; fileRef = 1B9533513B3716A86517573C /* Pods_Flix.framework */; };
		EDAB905926F1B86B00EB4AAB /* AppDelegate.swift in Sources */ = {isa = PBXBuildFile; fileRef = EDAB905826F1B86B00EB4AAB /* AppDelegate.swift */; };
		EDAB905B26F1B86B00EB4AAB /* SceneDelegate.swift in Sources */ = {isa = PBXBuildFile; fileRef = EDAB905A26F1B86B00EB4AAB /* SceneDelegate.swift */; };
		EDAB906026F1B86B00EB4AAB /* Main.storyboard in Resources */ = {isa = PBXBuildFile; fileRef = EDAB905E26F1B86B00EB4AAB /* Main.storyboard */; };
		EDAB906226F1B86C00EB4AAB /* Assets.xcassets in Resources */ = {isa = PBXBuildFile; fileRef = EDAB906126F1B86C00EB4AAB /* Assets.xcassets */; };
		EDAB906526F1B86C00EB4AAB /* LaunchScreen.storyboard in Resources */ = {isa = PBXBuildFile; fileRef = EDAB906326F1B86C00EB4AAB /* LaunchScreen.storyboard */; };
		EDD9D74526FACE6500A5A797 /* MovieDetailsViewController.swift in Sources */ = {isa = PBXBuildFile; fileRef = EDD9D74426FACE6500A5A797 /* MovieDetailsViewController.swift */; };
		EDD9D74726FADDC300A5A797 /* MovieGridViewController.swift in Sources */ = {isa = PBXBuildFile; fileRef = EDD9D74626FADDC300A5A797 /* MovieGridViewController.swift */; };
		EDD9D74926FAE44000A5A797 /* MovieGridCell.swift in Sources */ = {isa = PBXBuildFile; fileRef = EDD9D74826FAE44000A5A797 /* MovieGridCell.swift */; };
		EDF23F8926F1CB5A00E1B23B /* MainViewController.swift in Sources */ = {isa = PBXBuildFile; fileRef = EDF23F8826F1CB5A00E1B23B /* MainViewController.swift */; };
		EDF23F8B26F2673400E1B23B /* MovieCell.swift in Sources */ = {isa = PBXBuildFile; fileRef = EDF23F8A26F2673400E1B23B /* MovieCell.swift */; };
		EDF23F8E26F26A4100E1B23B /* AlamofireImage in Frameworks */ = {isa = PBXBuildFile; productRef = EDF23F8D26F26A4100E1B23B /* AlamofireImage */; };
/* End PBXBuildFile section */

/* Begin PBXFileReference section */
		1B9533513B3716A86517573C /* Pods_Flix.framework */ = {isa = PBXFileReference; explicitFileType = wrapper.framework; includeInIndex = 0; path = Pods_Flix.framework; sourceTree = BUILT_PRODUCTS_DIR; };
		58F3B8F85DD4AA21EF477942 /* Pods-Flix.release.xcconfig */ = {isa = PBXFileReference; includeInIndex = 1; lastKnownFileType = text.xcconfig; name = "Pods-Flix.release.xcconfig"; path = "Target Support Files/Pods-Flix/Pods-Flix.release.xcconfig"; sourceTree = "<group>"; };
		8ED588424F96C71F2B9FE0CD /* Pods-Flix.debug.xcconfig */ = {isa = PBXFileReference; includeInIndex = 1; lastKnownFileType = text.xcconfig; name = "Pods-Flix.debug.xcconfig"; path = "Target Support Files/Pods-Flix/Pods-Flix.debug.xcconfig"; sourceTree = "<group>"; };
		EDAB905526F1B86B00EB4AAB /* Flix.app */ = {isa = PBXFileReference; explicitFileType = wrapper.application; includeInIndex = 0; path = Flix.app; sourceTree = BUILT_PRODUCTS_DIR; };
		EDAB905826F1B86B00EB4AAB /* AppDelegate.swift */ = {isa = PBXFileReference; lastKnownFileType = sourcecode.swift; path = AppDelegate.swift; sourceTree = "<group>"; };
		EDAB905A26F1B86B00EB4AAB /* SceneDelegate.swift */ = {isa = PBXFileReference; lastKnownFileType = sourcecode.swift; path = SceneDelegate.swift; sourceTree = "<group>"; };
		EDAB905F26F1B86B00EB4AAB /* Base */ = {isa = PBXFileReference; lastKnownFileType = file.storyboard; name = Base; path = Base.lproj/Main.storyboard; sourceTree = "<group>"; };
		EDAB906126F1B86C00EB4AAB /* Assets.xcassets */ = {isa = PBXFileReference; lastKnownFileType = folder.assetcatalog; path = Assets.xcassets; sourceTree = "<group>"; };
		EDAB906426F1B86C00EB4AAB /* Base */ = {isa = PBXFileReference; lastKnownFileType = file.storyboard; name = Base; path = Base.lproj/LaunchScreen.storyboard; sourceTree = "<group>"; };
		EDAB906626F1B86C00EB4AAB /* Info.plist */ = {isa = PBXFileReference; lastKnownFileType = text.plist.xml; path = Info.plist; sourceTree = "<group>"; };
		EDD9D74426FACE6500A5A797 /* MovieDetailsViewController.swift */ = {isa = PBXFileReference; lastKnownFileType = sourcecode.swift; path = MovieDetailsViewController.swift; sourceTree = "<group>"; };
		EDD9D74626FADDC300A5A797 /* MovieGridViewController.swift */ = {isa = PBXFileReference; lastKnownFileType = sourcecode.swift; path = MovieGridViewController.swift; sourceTree = "<group>"; };
		EDD9D74826FAE44000A5A797 /* MovieGridCell.swift */ = {isa = PBXFileReference; lastKnownFileType = sourcecode.swift; path = MovieGridCell.swift; sourceTree = "<group>"; };
		EDF23F8826F1CB5A00E1B23B /* MainViewController.swift */ = {isa = PBXFileReference; lastKnownFileType = sourcecode.swift; path = MainViewController.swift; sourceTree = "<group>"; };
		EDF23F8A26F2673400E1B23B /* MovieCell.swift */ = {isa = PBXFileReference; lastKnownFileType = sourcecode.swift; path = MovieCell.swift; sourceTree = "<group>"; };
/* End PBXFileReference section */

/* Begin PBXFrameworksBuildPhase section */
		EDAB905226F1B86B00EB4AAB /* Frameworks */ = {
			isa = PBXFrameworksBuildPhase;
			buildActionMask = 2147483647;
			files = (
				EDF23F8E26F26A4100E1B23B /* AlamofireImage in Frameworks */,
				C39A63DA6A28367464604B70 /* Pods_Flix.framework in Frameworks */,
			);
			runOnlyForDeploymentPostprocessing = 0;
		};
/* End PBXFrameworksBuildPhase section */

/* Begin PBXGroup section */
		42500F9DB20BA62E67ACEFD3 /* Frameworks */ = {
			isa = PBXGroup;
			children = (
				1B9533513B3716A86517573C /* Pods_Flix.framework */,
			);
			name = Frameworks;
			sourceTree = "<group>";
		};
		A635ABA7768FFA57AEBEC05C /* Pods */ = {
			isa = PBXGroup;
			children = (
				8ED588424F96C71F2B9FE0CD /* Pods-Flix.debug.xcconfig */,
				58F3B8F85DD4AA21EF477942 /* Pods-Flix.release.xcconfig */,
			);
			path = Pods;
			sourceTree = "<group>";
		};
		EDAB904C26F1B86B00EB4AAB = {
			isa = PBXGroup;
			children = (
				EDAB905726F1B86B00EB4AAB /* Flix */,
				EDAB905626F1B86B00EB4AAB /* Products */,
				A635ABA7768FFA57AEBEC05C /* Pods */,
				42500F9DB20BA62E67ACEFD3 /* Frameworks */,
			);
			sourceTree = "<group>";
		};
		EDAB905626F1B86B00EB4AAB /* Products */ = {
			isa = PBXGroup;
			children = (
				EDAB905526F1B86B00EB4AAB /* Flix.app */,
			);
			name = Products;
			sourceTree = "<group>";
		};
		EDAB905726F1B86B00EB4AAB /* Flix */ = {
			isa = PBXGroup;
			children = (
				EDAB905826F1B86B00EB4AAB /* AppDelegate.swift */,
				EDAB905A26F1B86B00EB4AAB /* SceneDelegate.swift */,
				EDAB905E26F1B86B00EB4AAB /* Main.storyboard */,
				EDAB906126F1B86C00EB4AAB /* Assets.xcassets */,
				EDAB906326F1B86C00EB4AAB /* LaunchScreen.storyboard */,
				EDAB906626F1B86C00EB4AAB /* Info.plist */,
				EDF23F8826F1CB5A00E1B23B /* MainViewController.swift */,
				EDF23F8A26F2673400E1B23B /* MovieCell.swift */,
				EDD9D74426FACE6500A5A797 /* MovieDetailsViewController.swift */,
				EDD9D74626FADDC300A5A797 /* MovieGridViewController.swift */,
				EDD9D74826FAE44000A5A797 /* MovieGridCell.swift */,
			);
			path = Flix;
			sourceTree = "<group>";
		};
/* End PBXGroup section */

/* Begin PBXNativeTarget section */
		EDAB905426F1B86B00EB4AAB /* Flix */ = {
			isa = PBXNativeTarget;
			buildConfigurationList = EDAB906926F1B86C00EB4AAB /* Build configuration list for PBXNativeTarget "Flix" */;
			buildPhases = (
				41EBE05917100A7B28A9D6A4 /* [CP] Check Pods Manifest.lock */,
				EDAB905126F1B86B00EB4AAB /* Sources */,
				EDAB905226F1B86B00EB4AAB /* Frameworks */,
				EDAB905326F1B86B00EB4AAB /* Resources */,
				6D0EAB2E9B2055E2ADC76A6B /* [CP] Embed Pods Frameworks */,
			);
			buildRules = (
			);
			dependencies = (
			);
			name = Flix;
			packageProductDependencies = (
				EDF23F8D26F26A4100E1B23B /* AlamofireImage */,
			);
			productName = Flix;
			productReference = EDAB905526F1B86B00EB4AAB /* Flix.app */;
			productType = "com.apple.product-type.application";
		};
/* End PBXNativeTarget section */

/* Begin PBXProject section */
		EDAB904D26F1B86B00EB4AAB /* Project object */ = {
			isa = PBXProject;
			attributes = {
				LastSwiftUpdateCheck = 1250;
				LastUpgradeCheck = 1250;
				TargetAttributes = {
					EDAB905426F1B86B00EB4AAB = {
						CreatedOnToolsVersion = 12.5.1;
					};
				};
			};
			buildConfigurationList = EDAB905026F1B86B00EB4AAB /* Build configuration list for PBXProject "Flix" */;
			compatibilityVersion = "Xcode 9.3";
			developmentRegion = en;
			hasScannedForEncodings = 0;
			knownRegions = (
				en,
				Base,
			);
			mainGroup = EDAB904C26F1B86B00EB4AAB;
			packageReferences = (
				EDF23F8C26F26A4100E1B23B /* XCRemoteSwiftPackageReference "AlamofireImage" */,
			);
			productRefGroup = EDAB905626F1B86B00EB4AAB /* Products */;
			projectDirPath = "";
			projectRoot = "";
			targets = (
				EDAB905426F1B86B00EB4AAB /* Flix */,
			);
		};
/* End PBXProject section */

/* Begin PBXResourcesBuildPhase section */
		EDAB905326F1B86B00EB4AAB /* Resources */ = {
			isa = PBXResourcesBuildPhase;
			buildActionMask = 2147483647;
			files = (
				EDAB906526F1B86C00EB4AAB /* LaunchScreen.storyboard in Resources */,
				EDAB906226F1B86C00EB4AAB /* Assets.xcassets in Resources */,
				EDAB906026F1B86B00EB4AAB /* Main.storyboard in Resources */,
			);
			runOnlyForDeploymentPostprocessing = 0;
		};
/* End PBXResourcesBuildPhase section */

/* Begin PBXShellScriptBuildPhase section */
		41EBE05917100A7B28A9D6A4 /* [CP] Check Pods Manifest.lock */ = {
			isa = PBXShellScriptBuildPhase;
			buildActionMask = 2147483647;
			files = (
			);
			inputFileListPaths = (
			);
			inputPaths = (
				"${PODS_PODFILE_DIR_PATH}/Podfile.lock",
				"${PODS_ROOT}/Manifest.lock",
			);
			name = "[CP] Check Pods Manifest.lock";
			outputFileListPaths = (
			);
			outputPaths = (
				"$(DERIVED_FILE_DIR)/Pods-Flix-checkManifestLockResult.txt",
			);
			runOnlyForDeploymentPostprocessing = 0;
			shellPath = /bin/sh;
			shellScript = "diff \"${PODS_PODFILE_DIR_PATH}/Podfile.lock\" \"${PODS_ROOT}/Manifest.lock\" > /dev/null\nif [ $? != 0 ] ; then\n    # print error to STDERR\n    echo \"error: The sandbox is not in sync with the Podfile.lock. Run 'pod install' or update your CocoaPods installation.\" >&2\n    exit 1\nfi\n# This output is used by Xcode 'outputs' to avoid re-running this script phase.\necho \"SUCCESS\" > \"${SCRIPT_OUTPUT_FILE_0}\"\n";
			showEnvVarsInLog = 0;
		};
		6D0EAB2E9B2055E2ADC76A6B /* [CP] Embed Pods Frameworks */ = {
			isa = PBXShellScriptBuildPhase;
			buildActionMask = 2147483647;
			files = (
			);
			inputFileListPaths = (
				"${PODS_ROOT}/Target Support Files/Pods-Flix/Pods-Flix-frameworks-${CONFIGURATION}-input-files.xcfilelist",
			);
			name = "[CP] Embed Pods Frameworks";
			outputFileListPaths = (
				"${PODS_ROOT}/Target Support Files/Pods-Flix/Pods-Flix-frameworks-${CONFIGURATION}-output-files.xcfilelist",
			);
			runOnlyForDeploymentPostprocessing = 0;
			shellPath = /bin/sh;
			shellScript = "\"${PODS_ROOT}/Target Support Files/Pods-Flix/Pods-Flix-frameworks.sh\"\n";
			showEnvVarsInLog = 0;
		};
/* End PBXShellScriptBuildPhase section */

/* Begin PBXSourcesBuildPhase section */
		EDAB905126F1B86B00EB4AAB /* Sources */ = {
			isa = PBXSourcesBuildPhase;
			buildActionMask = 2147483647;
			files = (
				EDD9D74526FACE6500A5A797 /* MovieDetailsViewController.swift in Sources */,
				EDF23F8926F1CB5A00E1B23B /* MainViewController.swift in Sources */,
				EDAB905926F1B86B00EB4AAB /* AppDelegate.swift in Sources */,
				EDF23F8B26F2673400E1B23B /* MovieCell.swift in Sources */,
				EDAB905B26F1B86B00EB4AAB /* SceneDelegate.swift in Sources */,
				EDD9D74726FADDC300A5A797 /* MovieGridViewController.swift in Sources */,
				EDD9D74926FAE44000A5A797 /* MovieGridCell.swift in Sources */,
			);
			runOnlyForDeploymentPostprocessing = 0;
		};
/* End PBXSourcesBuildPhase section */

/* Begin PBXVariantGroup section */
		EDAB905E26F1B86B00EB4AAB /* Main.storyboard */ = {
			isa = PBXVariantGroup;
			children = (
				EDAB905F26F1B86B00EB4AAB /* Base */,
			);
			name = Main.storyboard;
			sourceTree = "<group>";
		};
		EDAB906326F1B86C00EB4AAB /* LaunchScreen.storyboard */ = {
			isa = PBXVariantGroup;
			children = (
				EDAB906426F1B86C00EB4AAB /* Base */,
			);
			name = LaunchScreen.storyboard;
			sourceTree = "<group>";
		};
/* End PBXVariantGroup section */

/* Begin XCBuildConfiguration section */
		EDAB906726F1B86C00EB4AAB /* Debug */ = {
			isa = XCBuildConfiguration;
			buildSettings = {
				ALWAYS_SEARCH_USER_PATHS = NO;
				CLANG_ANALYZER_NONNULL = YES;
				CLANG_ANALYZER_NUMBER_OBJECT_CONVERSION = YES_AGGRESSIVE;
				CLANG_CXX_LANGUAGE_STANDARD = "gnu++14";
				CLANG_CXX_LIBRARY = "libc++";
				CLANG_ENABLE_MODULES = YES;
				CLANG_ENABLE_OBJC_ARC = YES;
				CLANG_ENABLE_OBJC_WEAK = YES;
				CLANG_WARN_BLOCK_CAPTURE_AUTORELEASING = YES;
				CLANG_WARN_BOOL_CONVERSION = YES;
				CLANG_WARN_COMMA = YES;
				CLANG_WARN_CONSTANT_CONVERSION = YES;
				CLANG_WARN_DEPRECATED_OBJC_IMPLEMENTATIONS = YES;
				CLANG_WARN_DIRECT_OBJC_ISA_USAGE = YES_ERROR;
				CLANG_WARN_DOCUMENTATION_COMMENTS = YES;
				CLANG_WARN_EMPTY_BODY = YES;
				CLANG_WARN_ENUM_CONVERSION = YES;
				CLANG_WARN_INFINITE_RECURSION = YES;
				CLANG_WARN_INT_CONVERSION = YES;
				CLANG_WARN_NON_LITERAL_NULL_CONVERSION = YES;
				CLANG_WARN_OBJC_IMPLICIT_RETAIN_SELF = YES;
				CLANG_WARN_OBJC_LITERAL_CONVERSION = YES;
				CLANG_WARN_OBJC_ROOT_CLASS = YES_ERROR;
				CLANG_WARN_QUOTED_INCLUDE_IN_FRAMEWORK_HEADER = YES;
				CLANG_WARN_RANGE_LOOP_ANALYSIS = YES;
				CLANG_WARN_STRICT_PROTOTYPES = YES;
				CLANG_WARN_SUSPICIOUS_MOVE = YES;
				CLANG_WARN_UNGUARDED_AVAILABILITY = YES_AGGRESSIVE;
				CLANG_WARN_UNREACHABLE_CODE = YES;
				CLANG_WARN__DUPLICATE_METHOD_MATCH = YES;
				COPY_PHASE_STRIP = NO;
				DEBUG_INFORMATION_FORMAT = dwarf;
				ENABLE_STRICT_OBJC_MSGSEND = YES;
				ENABLE_TESTABILITY = YES;
				GCC_C_LANGUAGE_STANDARD = gnu11;
				GCC_DYNAMIC_NO_PIC = NO;
				GCC_NO_COMMON_BLOCKS = YES;
				GCC_OPTIMIZATION_LEVEL = 0;
				GCC_PREPROCESSOR_DEFINITIONS = (
					"DEBUG=1",
					"$(inherited)",
				);
				GCC_WARN_64_TO_32_BIT_CONVERSION = YES;
				GCC_WARN_ABOUT_RETURN_TYPE = YES_ERROR;
				GCC_WARN_UNDECLARED_SELECTOR = YES;
				GCC_WARN_UNINITIALIZED_AUTOS = YES_AGGRESSIVE;
				GCC_WARN_UNUSED_FUNCTION = YES;
				GCC_WARN_UNUSED_VARIABLE = YES;
				IPHONEOS_DEPLOYMENT_TARGET = 14.5;
				MTL_ENABLE_DEBUG_INFO = INCLUDE_SOURCE;
				MTL_FAST_MATH = YES;
				ONLY_ACTIVE_ARCH = YES;
				SDKROOT = iphoneos;
				SWIFT_ACTIVE_COMPILATION_CONDITIONS = DEBUG;
				SWIFT_OPTIMIZATION_LEVEL = "-Onone";
			};
			name = Debug;
		};
		EDAB906826F1B86C00EB4AAB /* Release */ = {
			isa = XCBuildConfiguration;
			buildSettings = {
				ALWAYS_SEARCH_USER_PATHS = NO;
				CLANG_ANALYZER_NONNULL = YES;
				CLANG_ANALYZER_NUMBER_OBJECT_CONVERSION = YES_AGGRESSIVE;
				CLANG_CXX_LANGUAGE_STANDARD = "gnu++14";
				CLANG_CXX_LIBRARY = "libc++";
				CLANG_ENABLE_MODULES = YES;
				CLANG_ENABLE_OBJC_ARC = YES;
				CLANG_ENABLE_OBJC_WEAK = YES;
				CLANG_WARN_BLOCK_CAPTURE_AUTORELEASING = YES;
				CLANG_WARN_BOOL_CONVERSION = YES;
				CLANG_WARN_COMMA = YES;
				CLANG_WARN_CONSTANT_CONVERSION = YES;
				CLANG_WARN_DEPRECATED_OBJC_IMPLEMENTATIONS = YES;
				CLANG_WARN_DIRECT_OBJC_ISA_USAGE = YES_ERROR;
				CLANG_WARN_DOCUMENTATION_COMMENTS = YES;
				CLANG_WARN_EMPTY_BODY = YES;
				CLANG_WARN_ENUM_CONVERSION = YES;
				CLANG_WARN_INFINITE_RECURSION = YES;
				CLANG_WARN_INT_CONVERSION = YES;
				CLANG_WARN_NON_LITERAL_NULL_CONVERSION = YES;
				CLANG_WARN_OBJC_IMPLICIT_RETAIN_SELF = YES;
				CLANG_WARN_OBJC_LITERAL_CONVERSION = YES;
				CLANG_WARN_OBJC_ROOT_CLASS = YES_ERROR;
				CLANG_WARN_QUOTED_INCLUDE_IN_FRAMEWORK_HEADER = YES;
				CLANG_WARN_RANGE_LOOP_ANALYSIS = YES;
				CLANG_WARN_STRICT_PROTOTYPES = YES;
				CLANG_WARN_SUSPICIOUS_MOVE = YES;
				CLANG_WARN_UNGUARDED_AVAILABILITY = YES_AGGRESSIVE;
				CLANG_WARN_UNREACHABLE_CODE = YES;
				CLANG_WARN__DUPLICATE_METHOD_MATCH = YES;
				COPY_PHASE_STRIP = NO;
				DEBUG_INFORMATION_FORMAT = "dwarf-with-dsym";
				ENABLE_NS_ASSERTIONS = NO;
				ENABLE_STRICT_OBJC_MSGSEND = YES;
				GCC_C_LANGUAGE_STANDARD = gnu11;
				GCC_NO_COMMON_BLOCKS = YES;
				GCC_WARN_64_TO_32_BIT_CONVERSION = YES;
				GCC_WARN_ABOUT_RETURN_TYPE = YES_ERROR;
				GCC_WARN_UNDECLARED_SELECTOR = YES;
				GCC_WARN_UNINITIALIZED_AUTOS = YES_AGGRESSIVE;
				GCC_WARN_UNUSED_FUNCTION = YES;
				GCC_WARN_UNUSED_VARIABLE = YES;
				IPHONEOS_DEPLOYMENT_TARGET = 14.5;
				MTL_ENABLE_DEBUG_INFO = NO;
				MTL_FAST_MATH = YES;
				SDKROOT = iphoneos;
				SWIFT_COMPILATION_MODE = wholemodule;
				SWIFT_OPTIMIZATION_LEVEL = "-O";
				VALIDATE_PRODUCT = YES;
			};
			name = Release;
		};
		EDAB906A26F1B86C00EB4AAB /* Debug */ = {
			isa = XCBuildConfiguration;
			baseConfigurationReference = 8ED588424F96C71F2B9FE0CD /* Pods-Flix.debug.xcconfig */;
			buildSettings = {
				ASSETCATALOG_COMPILER_APPICON_NAME = AppIcon;
				ASSETCATALOG_COMPILER_GLOBAL_ACCENT_COLOR_NAME = AccentColor;
				CODE_SIGN_STYLE = Automatic;
				DEVELOPMENT_TEAM = VLZVDHGRUR;
				INFOPLIST_FILE = Flix/Info.plist;
				LD_RUNPATH_SEARCH_PATHS = (
					"$(inherited)",
					"@executable_path/Frameworks",
				);
				PRODUCT_BUNDLE_IDENTIFIER = testapp.Flix;
				PRODUCT_NAME = "$(TARGET_NAME)";
				SWIFT_VERSION = 5.0;
				TARGETED_DEVICE_FAMILY = "1,2";
			};
			name = Debug;
		};
		EDAB906B26F1B86C00EB4AAB /* Release */ = {
			isa = XCBuildConfiguration;
			baseConfigurationReference = 58F3B8F85DD4AA21EF477942 /* Pods-Flix.release.xcconfig */;
			buildSettings = {
				ASSETCATALOG_COMPILER_APPICON_NAME = AppIcon;
				ASSETCATALOG_COMPILER_GLOBAL_ACCENT_COLOR_NAME = AccentColor;
				CODE_SIGN_STYLE = Automatic;
				DEVELOPMENT_TEAM = VLZVDHGRUR;
				INFOPLIST_FILE = Flix/Info.plist;
				LD_RUNPATH_SEARCH_PATHS = (
					"$(inherited)",
					"@executable_path/Frameworks",
				);
				PRODUCT_BUNDLE_IDENTIFIER = testapp.Flix;
				PRODUCT_NAME = "$(TARGET_NAME)";
				SWIFT_VERSION = 5.0;
				TARGETED_DEVICE_FAMILY = "1,2";
			};
			name = Release;
		};
/* End XCBuildConfiguration section */

/* Begin XCConfigurationList section */
		EDAB905026F1B86B00EB4AAB /* Build configuration list for PBXProject "Flix" */ = {
			isa = XCConfigurationList;
			buildConfigurations = (
				EDAB906726F1B86C00EB4AAB /* Debug */,
				EDAB906826F1B86C00EB4AAB /* Release */,
			);
			defaultConfigurationIsVisible = 0;
			defaultConfigurationName = Release;
		};
		EDAB906926F1B86C00EB4AAB /* Build configuration list for PBXNativeTarget "Flix" */ = {
			isa = XCConfigurationList;
			buildConfigurations = (
				EDAB906A26F1B86C00EB4AAB /* Debug */,
				EDAB906B26F1B86C00EB4AAB /* Release */,
			);
			defaultConfigurationIsVisible = 0;
			defaultConfigurationName = Release;
		};
/* End XCConfigurationList section */

/* Begin XCRemoteSwiftPackageReference section */
		EDF23F8C26F26A4100E1B23B /* XCRemoteSwiftPackageReference "AlamofireImage" */ = {
			isa = XCRemoteSwiftPackageReference;
			repositoryURL = "https://github.com/Alamofire/AlamofireImage";
			requirement = {
				kind = upToNextMajorVersion;
				minimumVersion = 4.2.0;
			};
		};
/* End XCRemoteSwiftPackageReference section */

/* Begin XCSwiftPackageProductDependency section */
		EDF23F8D26F26A4100E1B23B /* AlamofireImage */ = {
			isa = XCSwiftPackageProductDependency;
			package = EDF23F8C26F26A4100E1B23B /* XCRemoteSwiftPackageReference "AlamofireImage" */;
			productName = AlamofireImage;
		};
/* End XCSwiftPackageProductDependency section */
	};
	rootObject = EDAB904D26F1B86B00EB4AAB /* Project object */;
}
